
Microsoft Visual Studio Solution File, Format Version 12.00
# Visual Studio Version 17
VisualStudioVersion = 17.10.35013.160
MinimumVisualStudioVersion = 10.0.40219.1
Project("{FAE04EC0-301F-11D3-BF4B-00C04F79EFBC}") = "HotelManagementSystem", "HotelManagementSystem\HotelManagementSystem.csproj", "{B06BE899-457D-4883-AF49-2CA3948492A5}"
EndProject
Global
	GlobalSection(SolutionConfigurationPlatforms) = preSolution
		Debug|Any CPU = Debug|Any CPU
		Release|Any CPU = Release|Any CPU
	EndGlobalSection
	GlobalSection(ProjectConfigurationPlatforms) = postSolution
		{B06BE899-457D-4883-AF49-2CA3948492A5}.Debug|Any CPU.ActiveCfg = Debug|Any CPU
		{B06BE899-457D-4883-AF49-2CA3948492A5}.Debug|Any CPU.Build.0 = Debug|Any CPU
		{B06BE899-457D-4883-AF49-2CA3948492A5}.Release|Any CPU.ActiveCfg = Release|Any CPU
		{B06BE899-457D-4883-AF49-2CA3948492A5}.Release|Any CPU.Build.0 = Release|Any CPU
	EndGlobalSection
	GlobalSection(SolutionProperties) = preSolution
		HideSolutionNode = FALSE
	EndGlobalSection
	GlobalSection(ExtensibilityGlobals) = postSolution
		SolutionGuid = {0AC78213-577C-4C39-BBE6-0A9BC4B2467E}
	EndGlobalSection
EndGlobal
